PODS:
  - AFPopupView (1.0)
  - ASIHTTPRequest (1.8.2):
    - ASIHTTPRequest/ASIWebPageRequest (= 1.8.2)
    - ASIHTTPRequest/CloudFiles (= 1.8.2)
    - ASIHTTPRequest/Core (= 1.8.2)
    - ASIHTTPRequest/S3 (= 1.8.2)
  - ASIHTTPRequest/ASIWebPageRequest (1.8.2):
    - ASIHTTPRequest/Core
  - ASIHTTPRequest/CloudFiles (1.8.2):
    - ASIHTTPRequest/Core
  - ASIHTTPRequest/Core (1.8.2):
    - Reachability
  - ASIHTTPRequest/S3 (1.8.2):
    - ASIHTTPRequest/Core
  - Reachability (3.2)
  - SVProgressHUD (1.1.2)
  - XHRefreshControl (3.8)
  - YLTextView (0.2)

DEPENDENCIES:
  - AFPopupView (~> 1.0)
  - ASIHTTPRequest (~> 1.8.2)
  - SVProgressHUD (~> 1.1.2)
  - XHRefreshControl (~> 3.7)
  - YLTextView (~> 0.2)

SPEC CHECKSUMS:
  AFPopupView: a637995cd7975bc2dca692cb5c3dc5c9eefc555b
  ASIHTTPRequest: 2c8335b49410c0e2ad42829c438e74d454b77590
  Reachability: 1ef8adf5c4e3d362f96515d4278f68dad3c26930
  SVProgressHUD: da7a49e789af645d9279ffbca62318945a832438
  XHRefreshControl: e2105c0189c5641a1d73eeb4ac32f678a164156a
  YLTextView: 7cb77d6973afdea66ab5bf370a590c3b411e8728

COCOAPODS: 0.35.0
